
Microsoft Visual Studio Solution File, Format Version 12.00
# Visual Studio Version 17
VisualStudioVersion = 17.3.32811.315
MinimumVisualStudioVersion = 10.0.40219.1
Project("{9A19103F-16F7-4668-BE54-9A1E7A4F7556}") = "AdminDashboardTemplateMain", "AdminDashboardTemplateMain\AdminDashboardTemplateMain.csproj", "{3120B2FB-D95E-4205-8EB4-867C8DA488AA}"
EndProject
Project("{9A19103F-16F7-4668-BE54-9A1E7A4F7556}") = "QuSwense.ModernControls", "QuSwense.ModernControls\QuSwense.ModernControls.csproj", "{CC150D47-7BDE-4C1C-AF4B-50E2166819D6}"
EndProject
Project("{2150E333-8FDC-42A3-9474-1A3956D46DE8}") = "Build", "Build", "{54FF1980-0D71-41EA-8EE9-EF891312AE40}"
	ProjectSection(SolutionItems) = preProject
		AddCopyrightHeader.ps1 = AddCopyrightHeader.ps1
	EndProjectSection
EndProject
Project("{2150E333-8FDC-42A3-9474-1A3956D46DE8}") = "Demo", "Demo", "{DAA78F55-A57F-4D1B-9D09-58E83A913537}"
EndProject
Project("{FAE04EC0-301F-11D3-BF4B-00C04F79EFBC}") = "QuSwense.Demo.MenuSidebarTreeControl", "QuSwense.Demo.MenuSidebarTreeControl\QuSwense.Demo.MenuSidebarTreeControl.csproj", "{F7CED26E-71E2-426D-BDE1-8C13B77878D9}"
EndProject
Global
	GlobalSection(SolutionConfigurationPlatforms) = preSolution
		Debug|Any CPU = Debug|Any CPU
		Release|Any CPU = Release|Any CPU
	EndGlobalSection
	GlobalSection(ProjectConfigurationPlatforms) = postSolution
		{3120B2FB-D95E-4205-8EB4-867C8DA488AA}.Debug|Any CPU.ActiveCfg = Debug|Any CPU
		{3120B2FB-D95E-4205-8EB4-867C8DA488AA}.Debug|Any CPU.Build.0 = Debug|Any CPU
		{3120B2FB-D95E-4205-8EB4-867C8DA488AA}.Release|Any CPU.ActiveCfg = Release|Any CPU
		{3120B2FB-D95E-4205-8EB4-867C8DA488AA}.Release|Any CPU.Build.0 = Release|Any CPU
		{CC150D47-7BDE-4C1C-AF4B-50E2166819D6}.Debug|Any CPU.ActiveCfg = Debug|Any CPU
		{CC150D47-7BDE-4C1C-AF4B-50E2166819D6}.Debug|Any CPU.Build.0 = Debug|Any CPU
		{CC150D47-7BDE-4C1C-AF4B-50E2166819D6}.Release|Any CPU.ActiveCfg = Release|Any CPU
		{CC150D47-7BDE-4C1C-AF4B-50E2166819D6}.Release|Any CPU.Build.0 = Release|Any CPU
		{F7CED26E-71E2-426D-BDE1-8C13B77878D9}.Debug|Any CPU.ActiveCfg = Debug|Any CPU
		{F7CED26E-71E2-426D-BDE1-8C13B77878D9}.Debug|Any CPU.Build.0 = Debug|Any CPU
		{F7CED26E-71E2-426D-BDE1-8C13B77878D9}.Release|Any CPU.ActiveCfg = Release|Any CPU
		{F7CED26E-71E2-426D-BDE1-8C13B77878D9}.Release|Any CPU.Build.0 = Release|Any CPU
	EndGlobalSection
	GlobalSection(SolutionProperties) = preSolution
		HideSolutionNode = FALSE
	EndGlobalSection
	GlobalSection(NestedProjects) = preSolution
		{F7CED26E-71E2-426D-BDE1-8C13B77878D9} = {DAA78F55-A57F-4D1B-9D09-58E83A913537}
	EndGlobalSection
	GlobalSection(ExtensibilityGlobals) = postSolution
		SolutionGuid = {0A7FAE73-EA93-4B93-AC9F-88EB9D62B241}
	EndGlobalSection
EndGlobal
